// !$*UTF8*$!
{
	archiveVersion = 1;
	classes = {
	};
	objectVersion = 50;
	objects = {

/* Begin PBXBuildFile section */
		4307DB842290697A008FCCA5 /* Article.swift in Sources */ = {isa = PBXBuildFile; fileRef = 4307DB832290697A008FCCA5 /* Article.swift */; };
		437E422E229A722300DF4750 /* WebViewViewController.swift in Sources */ = {isa = PBXBuildFile; fileRef = 437E422D229A722300DF4750 /* WebViewViewController.swift */; };
		439F0FB8229E5C7B003A6F8A /* MenuManager.swift in Sources */ = {isa = PBXBuildFile; fileRef = 439F0FB7229E5C7B003A6F8A /* MenuManager.swift */; };
		439F0FBA229E8217003A6F8A /* BaseCell.xib in Resources */ = {isa = PBXBuildFile; fileRef = 439F0FB9229E8217003A6F8A /* BaseCell.xib */; };
		439F0FBC229E8524003A6F8A /* BaseViewCell.swift in Sources */ = {isa = PBXBuildFile; fileRef = 439F0FBB229E8524003A6F8A /* BaseViewCell.swift */; };
		43DC91A52290414700481080 /* AppDelegate.swift in Sources */ = {isa = PBXBuildFile; fileRef = 43DC91A42290414700481080 /* AppDelegate.swift */; };
		43DC91A72290414700481080 /* ViewController.swift in Sources */ = {isa = PBXBuildFile; fileRef = 43DC91A62290414700481080 /* ViewController.swift */; };
		43DC91AA2290414700481080 /* Main.storyboard in Resources */ = {isa = PBXBuildFile; fileRef = 43DC91A82290414700481080 /* Main.storyboard */; };
		43DC91AC2290414800481080 /* Assets.xcassets in Resources */ = {isa = PBXBuildFile; fileRef = 43DC91AB2290414800481080 /* Assets.xcassets */; };
		43DC91AF2290414800481080 /* LaunchScreen.storyboard in Resources */ = {isa = PBXBuildFile; fileRef = 43DC91AD2290414800481080 /* LaunchScreen.storyboard */; };
		43DC91B722904A1F00481080 /* TitleTableViewCell.swift in Sources */ = {isa = PBXBuildFile; fileRef = 43DC91B622904A1F00481080 /* TitleTableViewCell.swift */; };
/* End PBXBuildFile section */

/* Begin PBXFileReference section */
		4307DB832290697A008FCCA5 /* Article.swift */ = {isa = PBXFileReference; lastKnownFileType = sourcecode.swift; path = Article.swift; sourceTree = "<group>"; };
		437E422D229A722300DF4750 /* WebViewViewController.swift */ = {isa = PBXFileReference; lastKnownFileType = sourcecode.swift; path = WebViewViewController.swift; sourceTree = "<group>"; };
		439F0FB7229E5C7B003A6F8A /* MenuManager.swift */ = {isa = PBXFileReference; lastKnownFileType = sourcecode.swift; path = MenuManager.swift; sourceTree = "<group>"; };
		439F0FB9229E8217003A6F8A /* BaseCell.xib */ = {isa = PBXFileReference; lastKnownFileType = file.xib; path = BaseCell.xib; sourceTree = "<group>"; };
		439F0FBB229E8524003A6F8A /* BaseViewCell.swift */ = {isa = PBXFileReference; lastKnownFileType = sourcecode.swift; path = BaseViewCell.swift; sourceTree = "<group>"; };
		43DC91A12290414600481080 /* News Reader.app */ = {isa = PBXFileReference; explicitFileType = wrapper.application; includeInIndex = 0; path = "News Reader.app"; sourceTree = BUILT_PRODUCTS_DIR; };
		43DC91A42290414700481080 /* AppDelegate.swift */ = {isa = PBXFileReference; lastKnownFileType = sourcecode.swift; path = AppDelegate.swift; sourceTree = "<group>"; };
		43DC91A62290414700481080 /* ViewController.swift */ = {isa = PBXFileReference; lastKnownFileType = sourcecode.swift; path = ViewController.swift; sourceTree = "<group>"; };
		43DC91A92290414700481080 /* Base */ = {isa = PBXFileReference; lastKnownFileType = file.storyboard; name = Base; path = Base.lproj/Main.storyboard; sourceTree = "<group>"; };
		43DC91AB2290414800481080 /* Assets.xcassets */ = {isa = PBXFileReference; lastKnownFileType = folder.assetcatalog; path = Assets.xcassets; sourceTree = "<group>"; };
		43DC91AE2290414800481080 /* Base */ = {isa = PBXFileReference; lastKnownFileType = file.storyboard; name = Base; path = Base.lproj/LaunchScreen.storyboard; sourceTree = "<group>"; };
		43DC91B02290414800481080 /* Info.plist */ = {isa = PBXFileReference; lastKnownFileType = text.plist.xml; path = Info.plist; sourceTree = "<group>"; };
		43DC91B622904A1F00481080 /* TitleTableViewCell.swift */ = {isa = PBXFileReference; lastKnownFileType = sourcecode.swift; path = TitleTableViewCell.swift; sourceTree = "<group>"; };
/* End PBXFileReference section */

/* Begin PBXFrameworksBuildPhase section */
		43DC919E2290414600481080 /* Frameworks */ = {
			isa = PBXFrameworksBuildPhase;
			buildActionMask = 2147483647;
			files = (
			);
			runOnlyForDeploymentPostprocessing = 0;
		};
/* End PBXFrameworksBuildPhase section */

/* Begin PBXGroup section */
		43DC91982290414600481080 = {
			isa = PBXGroup;
			children = (
				43DC91A32290414600481080 /* News Reader */,
				43DC91A22290414600481080 /* Products */,
			);
			sourceTree = "<group>";
		};
		43DC91A22290414600481080 /* Products */ = {
			isa = PBXGroup;
			children = (
				43DC91A12290414600481080 /* News Reader.app */,
			);
			name = Products;
			sourceTree = "<group>";
		};
		43DC91A32290414600481080 /* News Reader */ = {
			isa = PBXGroup;
			children = (
				43DC91A42290414700481080 /* AppDelegate.swift */,
				43DC91A62290414700481080 /* ViewController.swift */,
				43DC91A82290414700481080 /* Main.storyboard */,
				43DC91AB2290414800481080 /* Assets.xcassets */,
				43DC91AD2290414800481080 /* LaunchScreen.storyboard */,
				43DC91B02290414800481080 /* Info.plist */,
				43DC91B622904A1F00481080 /* TitleTableViewCell.swift */,
				4307DB832290697A008FCCA5 /* Article.swift */,
				437E422D229A722300DF4750 /* WebViewViewController.swift */,
				439F0FB7229E5C7B003A6F8A /* MenuManager.swift */,
				439F0FB9229E8217003A6F8A /* BaseCell.xib */,
				439F0FBB229E8524003A6F8A /* BaseViewCell.swift */,
			);
			path = "News Reader";
			sourceTree = "<group>";
		};
/* End PBXGroup section */

/* Begin PBXNativeTarget section */
		43DC91A02290414600481080 /* News Reader */ = {
			isa = PBXNativeTarget;
			buildConfigurationList = 43DC91B32290414800481080 /* Build configuration list for PBXNativeTarget "News Reader" */;
			buildPhases = (
				43DC919D2290414600481080 /* Sources */,
				43DC919E2290414600481080 /* Frameworks */,
				43DC919F2290414600481080 /* Resources */,
			);
			buildRules = (
			);
			dependencies = (
			);
			name = "News Reader";
			productName = "News Reader";
			productReference = 43DC91A12290414600481080 /* News Reader.app */;
			productType = "com.apple.product-type.application";
		};
/* End PBXNativeTarget section */

/* Begin PBXProject section */
		43DC91992290414600481080 /* Project object */ = {
			isa = PBXProject;
			attributes = {
				LastSwiftUpdateCheck = 1000;
				LastUpgradeCheck = 1000;
				ORGANIZATIONNAME = "macOS Mojave";
				TargetAttributes = {
					43DC91A02290414600481080 = {
						CreatedOnToolsVersion = 10.0;
					};
				};
			};
			buildConfigurationList = 43DC919C2290414600481080 /* Build configuration list for PBXProject "News Reader" */;
			compatibilityVersion = "Xcode 9.3";
			developmentRegion = en;
			hasScannedForEncodings = 0;
			knownRegions = (
				en,
				Base,
			);
			mainGroup = 43DC91982290414600481080;
			productRefGroup = 43DC91A22290414600481080 /* Products */;
			projectDirPath = "";
			projectRoot = "";
			targets = (
				43DC91A02290414600481080 /* News Reader */,
			);
		};
/* End PBXProject section */

/* Begin PBXResourcesBuildPhase section */
		43DC919F2290414600481080 /* Resources */ = {
			isa = PBXResourcesBuildPhase;
			buildActionMask = 2147483647;
			files = (
				439F0FBA229E8217003A6F8A /* BaseCell.xib in Resources */,
				43DC91AF2290414800481080 /* LaunchScreen.storyboard in Resources */,
				43DC91AC2290414800481080 /* Assets.xcassets in Resources */,
				43DC91AA2290414700481080 /* Main.storyboard in Resources */,
			);
			runOnlyForDeploymentPostprocessing = 0;
		};
/* End PBXResourcesBuildPhase section */

/* Begin PBXSourcesBuildPhase section */
		43DC919D2290414600481080 /* Sources */ = {
			isa = PBXSourcesBuildPhase;
			buildActionMask = 2147483647;
			files = (
				439F0FB8229E5C7B003A6F8A /* MenuManager.swift in Sources */,
				439F0FBC229E8524003A6F8A /* BaseViewCell.swift in Sources */,
				437E422E229A722300DF4750 /* WebViewViewController.swift in Sources */,
				4307DB842290697A008FCCA5 /* Article.swift in Sources */,
				43DC91A72290414700481080 /* ViewController.swift in Sources */,
				43DC91B722904A1F00481080 /* TitleTableViewCell.swift in Sources */,
				43DC91A52290414700481080 /* AppDelegate.swift in Sources */,
			);
			runOnlyForDeploymentPostprocessing = 0;
		};
/* End PBXSourcesBuildPhase section */

/* Begin PBXVariantGroup section */
		43DC91A82290414700481080 /* Main.storyboard */ = {
			isa = PBXVariantGroup;
			children = (
				43DC91A92290414700481080 /* Base */,
			);
			name = Main.storyboard;
			sourceTree = "<group>";
		};
		43DC91AD2290414800481080 /* LaunchScreen.storyboard */ = {
			isa = PBXVariantGroup;
			children = (
				43DC91AE2290414800481080 /* Base */,
			);
			name = LaunchScreen.storyboard;
			sourceTree = "<group>";
		};
/* End PBXVariantGroup section */

/* Begin XCBuildConfiguration section */
		43DC91B12290414800481080 /* Debug */ = {
			isa = XCBuildConfiguration;
			buildSettings = {
				ALWAYS_SEARCH_USER_PATHS = NO;
				CLANG_ANALYZER_NONNULL = YES;
				CLANG_ANALYZER_NUMBER_OBJECT_CONVERSION = YES_AGGRESSIVE;
				CLANG_CXX_LANGUAGE_STANDARD = "gnu++14";
				CLANG_CXX_LIBRARY = "libc++";
				CLANG_ENABLE_MODULES = YES;
				CLANG_ENABLE_OBJC_ARC = YES;
				CLANG_ENABLE_OBJC_WEAK = YES;
				CLANG_WARN_BLOCK_CAPTURE_AUTORELEASING = YES;
				CLANG_WARN_BOOL_CONVERSION = YES;
				CLANG_WARN_COMMA = YES;
				CLANG_WARN_CONSTANT_CONVERSION = YES;
				CLANG_WARN_DEPRECATED_OBJC_IMPLEMENTATIONS = YES;
				CLANG_WARN_DIRECT_OBJC_ISA_USAGE = YES_ERROR;
				CLANG_WARN_DOCUMENTATION_COMMENTS = YES;
				CLANG_WARN_EMPTY_BODY = YES;
				CLANG_WARN_ENUM_CONVERSION = YES;
				CLANG_WARN_INFINITE_RECURSION = YES;
				CLANG_WARN_INT_CONVERSION = YES;
				CLANG_WARN_NON_LITERAL_NULL_CONVERSION = YES;
				CLANG_WARN_OBJC_IMPLICIT_RETAIN_SELF = YES;
				CLANG_WARN_OBJC_LITERAL_CONVERSION = YES;
				CLANG_WARN_OBJC_ROOT_CLASS = YES_ERROR;
				CLANG_WARN_RANGE_LOOP_ANALYSIS = YES;
				CLANG_WARN_STRICT_PROTOTYPES = YES;
				CLANG_WARN_SUSPICIOUS_MOVE = YES;
				CLANG_WARN_UNGUARDED_AVAILABILITY = YES_AGGRESSIVE;
				CLANG_WARN_UNREACHABLE_CODE = YES;
				CLANG_WARN__DUPLICATE_METHOD_MATCH = YES;
				CODE_SIGN_IDENTITY = "iPhone Developer";
				COPY_PHASE_STRIP = NO;
				DEBUG_INFORMATION_FORMAT = dwarf;
				ENABLE_STRICT_OBJC_MSGSEND = YES;
				ENABLE_TESTABILITY = YES;
				GCC_C_LANGUAGE_STANDARD = gnu11;
				GCC_DYNAMIC_NO_PIC = NO;
				GCC_NO_COMMON_BLOCKS = YES;
				GCC_OPTIMIZATION_LEVEL = 0;
				GCC_PREPROCESSOR_DEFINITIONS = (
					"DEBUG=1",
					"$(inherited)",
				);
				GCC_WARN_64_TO_32_BIT_CONVERSION = YES;
				GCC_WARN_ABOUT_RETURN_TYPE = YES_ERROR;
				GCC_WARN_UNDECLARED_SELECTOR = YES;
				GCC_WARN_UNINITIALIZED_AUTOS = YES_AGGRESSIVE;
				GCC_WARN_UNUSED_FUNCTION = YES;
				GCC_WARN_UNUSED_VARIABLE = YES;
				IPHONEOS_DEPLOYMENT_TARGET = 12.0;
				MTL_ENABLE_DEBUG_INFO = INCLUDE_SOURCE;
				MTL_FAST_MATH = YES;
				ONLY_ACTIVE_ARCH = YES;
				SDKROOT = iphoneos;
				SWIFT_ACTIVE_COMPILATION_CONDITIONS = DEBUG;
				SWIFT_OPTIMIZATION_LEVEL = "-Onone";
			};
			name = Debug;
		};
		43DC91B22290414800481080 /* Release */ = {
			isa = XCBuildConfiguration;
			buildSettings = {
				ALWAYS_SEARCH_USER_PATHS = NO;
				CLANG_ANALYZER_NONNULL = YES;
				CLANG_ANALYZER_NUMBER_OBJECT_CONVERSION = YES_AGGRESSIVE;
				CLANG_CXX_LANGUAGE_STANDARD = "gnu++14";
				CLANG_CXX_LIBRARY = "libc++";
				CLANG_ENABLE_MODULES = YES;
				CLANG_ENABLE_OBJC_ARC = YES;
				CLANG_ENABLE_OBJC_WEAK = YES;
				CLANG_WARN_BLOCK_CAPTURE_AUTORELEASING = YES;
				CLANG_WARN_BOOL_CONVERSION = YES;
				CLANG_WARN_COMMA = YES;
				CLANG_WARN_CONSTANT_CONVERSION = YES;
				CLANG_WARN_DEPRECATED_OBJC_IMPLEMENTATIONS = YES;
				CLANG_WARN_DIRECT_OBJC_ISA_USAGE = YES_ERROR;
				CLANG_WARN_DOCUMENTATION_COMMENTS = YES;
				CLANG_WARN_EMPTY_BODY = YES;
				CLANG_WARN_ENUM_CONVERSION = YES;
				CLANG_WARN_INFINITE_RECURSION = YES;
				CLANG_WARN_INT_CONVERSION = YES;
				CLANG_WARN_NON_LITERAL_NULL_CONVERSION = YES;
				CLANG_WARN_OBJC_IMPLICIT_RETAIN_SELF = YES;
				CLANG_WARN_OBJC_LITERAL_CONVERSION = YES;
				CLANG_WARN_OBJC_ROOT_CLASS = YES_ERROR;
				CLANG_WARN_RANGE_LOOP_ANALYSIS = YES;
				CLANG_WARN_STRICT_PROTOTYPES = YES;
				CLANG_WARN_SUSPICIOUS_MOVE = YES;
				CLANG_WARN_UNGUARDED_AVAILABILITY = YES_AGGRESSIVE;
				CLANG_WARN_UNREACHABLE_CODE = YES;
				CLANG_WARN__DUPLICATE_METHOD_MATCH = YES;
				CODE_SIGN_IDENTITY = "iPhone Developer";
				COPY_PHASE_STRIP = NO;
				DEBUG_INFORMATION_FORMAT = "dwarf-with-dsym";
				ENABLE_NS_ASSERTIONS = NO;
				ENABLE_STRICT_OBJC_MSGSEND = YES;
				GCC_C_LANGUAGE_STANDARD = gnu11;
				GCC_NO_COMMON_BLOCKS = YES;
				GCC_WARN_64_TO_32_BIT_CONVERSION = YES;
				GCC_WARN_ABOUT_RETURN_TYPE = YES_ERROR;
				GCC_WARN_UNDECLARED_SELECTOR = YES;
				GCC_WARN_UNINITIALIZED_AUTOS = YES_AGGRESSIVE;
				GCC_WARN_UNUSED_FUNCTION = YES;
				GCC_WARN_UNUSED_VARIABLE = YES;
				IPHONEOS_DEPLOYMENT_TARGET = 12.0;
				MTL_ENABLE_DEBUG_INFO = NO;
				MTL_FAST_MATH = YES;
				SDKROOT = iphoneos;
				SWIFT_COMPILATION_MODE = wholemodule;
				SWIFT_OPTIMIZATION_LEVEL = "-O";
				VALIDATE_PRODUCT = YES;
			};
			name = Release;
		};
		43DC91B42290414800481080 /* Debug */ = {
			isa = XCBuildConfiguration;
			buildSettings = {
				ASSETCATALOG_COMPILER_APPICON_NAME = AppIcon;
				CODE_SIGN_STYLE = Automatic;
				DEVELOPMENT_TEAM = 47P7W259Z9;
				INFOPLIST_FILE = "News Reader/Info.plist";
				LD_RUNPATH_SEARCH_PATHS = (
					"$(inherited)",
					"@executable_path/Frameworks",
				);
				PRODUCT_BUNDLE_IDENTIFIER = "rakib-s.News-Reader";
				PRODUCT_NAME = "$(TARGET_NAME)";
				SWIFT_VERSION = 4.2;
				TARGETED_DEVICE_FAMILY = "1,2";
			};
			name = Debug;
		};
		43DC91B52290414800481080 /* Release */ = {
			isa = XCBuildConfiguration;
			buildSettings = {
				ASSETCATALOG_COMPILER_APPICON_NAME = AppIcon;
				CODE_SIGN_STYLE = Automatic;
				DEVELOPMENT_TEAM = 47P7W259Z9;
				INFOPLIST_FILE = "News Reader/Info.plist";
				LD_RUNPATH_SEARCH_PATHS = (
					"$(inherited)",
					"@executable_path/Frameworks",
				);
				PRODUCT_BUNDLE_IDENTIFIER = "rakib-s.News-Reader";
				PRODUCT_NAME = "$(TARGET_NAME)";
				SWIFT_VERSION = 4.2;
				TARGETED_DEVICE_FAMILY = "1,2";
			};
			name = Release;
		};
/* End XCBuildConfiguration section */

/* Begin XCConfigurationList section */
		43DC919C2290414600481080 /* Build configuration list for PBXProject "News Reader" */ = {
			isa = XCConfigurationList;
			buildConfigurations = (
				43DC91B12290414800481080 /* Debug */,
				43DC91B22290414800481080 /* Release */,
			);
			defaultConfigurationIsVisible = 0;
			defaultConfigurationName = Release;
		};
		43DC91B32290414800481080 /* Build configuration list for PBXNativeTarget "News Reader" */ = {
			isa = XCConfigurationList;
			buildConfigurations = (
				43DC91B42290414800481080 /* Debug */,
				43DC91B52290414800481080 /* Release */,
			);
			defaultConfigurationIsVisible = 0;
			defaultConfigurationName = Release;
		};
/* End XCConfigurationList section */
	};
	rootObject = 43DC91992290414600481080 /* Project object */;
}
